
Microsoft Visual Studio Solution File, Format Version 12.00
# Visual Studio Version 16
VisualStudioVersion = 16.0.30413.136
MinimumVisualStudioVersion = 10.0.40219.1
Project("{FAE04EC0-301F-11D3-BF4B-00C04F79EFBC}") = "MyShopApp", "MyShopApp\MyShopApp.csproj", "{31983732-8217-4AE4-8D1C-69AD4FC588A0}"
EndProject
Global
	GlobalSection(SolutionConfigurationPlatforms) = preSolution
		Debug|Any CPU = Debug|Any CPU
		Release|Any CPU = Release|Any CPU
	EndGlobalSection
	GlobalSection(ProjectConfigurationPlatforms) = postSolution
		{31983732-8217-4AE4-8D1C-69AD4FC588A0}.Debug|Any CPU.ActiveCfg = Debug|Any CPU
		{31983732-8217-4AE4-8D1C-69AD4FC588A0}.Debug|Any CPU.Build.0 = Debug|Any CPU
		{31983732-8217-4AE4-8D1C-69AD4FC588A0}.Release|Any CPU.ActiveCfg = Release|Any CPU
		{31983732-8217-4AE4-8D1C-69AD4FC588A0}.Release|Any CPU.Build.0 = Release|Any CPU
	EndGlobalSection
	GlobalSection(SolutionProperties) = preSolution
		HideSolutionNode = FALSE
	EndGlobalSection
	GlobalSection(ExtensibilityGlobals) = postSolution
		SolutionGuid = {813EEBA4-777C-45CC-9031-84DC1B9960D8}
	EndGlobalSection
EndGlobal
